
Microsoft Visual Studio Solution File, Format Version 12.00
# Visual Studio Version 17
VisualStudioVersion = 17.9.34607.119
MinimumVisualStudioVersion = 10.0.40219.1
Project("{F184B08F-C81C-45F6-A57F-5ABD9991F28F}") = "WinFormsApp2", "WinFormsApp2\WinFormsApp2.vbproj", "{2B2805A7-3D3A-4315-ACC9-4DEA69203175}"
EndProject
Global
	GlobalSection(SolutionConfigurationPlatforms) = preSolution
		Debug|Any CPU = Debug|Any CPU
		Release|Any CPU = Release|Any CPU
	EndGlobalSection
	GlobalSection(ProjectConfigurationPlatforms) = postSolution
		{2B2805A7-3D3A-4315-ACC9-4DEA69203175}.Debug|Any CPU.ActiveCfg = Debug|Any CPU
		{2B2805A7-3D3A-4315-ACC9-4DEA69203175}.Debug|Any CPU.Build.0 = Debug|Any CPU
		{2B2805A7-3D3A-4315-ACC9-4DEA69203175}.Release|Any CPU.ActiveCfg = Release|Any CPU
		{2B2805A7-3D3A-4315-ACC9-4DEA69203175}.Release|Any CPU.Build.0 = Release|Any CPU
	EndGlobalSection
	GlobalSection(SolutionProperties) = preSolution
		HideSolutionNode = FALSE
	EndGlobalSection
	GlobalSection(ExtensibilityGlobals) = postSolution
		SolutionGuid = {5BDCF22F-7DC9-4412-AE08-9673D200C2BD}
	EndGlobalSection
EndGlobal
